
Microsoft Visual Studio Solution File, Format Version 12.00
# Visual Studio 15
Project("{FAE04EC0-301F-11D3-BF4B-00C04F79EFBC}") = "BscTokenSniper", "BscTokenSniper.csproj", "{49414BE5-FDC8-4A4E-9AF4-4269A2463941}"
EndProject
Global
	GlobalSection(SolutionConfigurationPlatforms) = preSolution
		Debug|Any CPU = Debug|Any CPU
		Release|Any CPU = Release|Any CPU
	EndGlobalSection
	GlobalSection(ProjectConfigurationPlatforms) = postSolution
		{49414BE5-FDC8-4A4E-9AF4-4269A2463941}.Debug|Any CPU.ActiveCfg = Debug|Any CPU
		{49414BE5-FDC8-4A4E-9AF4-4269A2463941}.Debug|Any CPU.Build.0 = Debug|Any CPU
		{49414BE5-FDC8-4A4E-9AF4-4269A2463941}.Release|Any CPU.ActiveCfg = Release|Any CPU
		{49414BE5-FDC8-4A4E-9AF4-4269A2463941}.Release|Any CPU.Build.0 = Release|Any CPU
	EndGlobalSection
EndGlobal
